
Microsoft Visual Studio Solution File, Format Version 12.00
# Visual Studio Version 16
VisualStudioVersion = 16.0.29613.14
MinimumVisualStudioVersion = 10.0.40219.1
Project("{FAE04EC0-301F-11D3-BF4B-00C04F79EFBC}") = "RevitPluginKit", "RevitPluginKit\RevitPluginKit.csproj", "{19E772A5-8710-4E64-8940-E7EB9478B06A}"
EndProject
Project("{2150E333-8FDC-42A3-9474-1A3956D46DE8}") = "Solution Items", "Solution Items", "{05FECE23-7712-42F0-A52C-166C02D369A8}"
	ProjectSection(SolutionItems) = preProject
		.gitignore = .gitignore
		README.md = README.md
	EndProjectSection
EndProject
Project("{FAE04EC0-301F-11D3-BF4B-00C04F79EFBC}") = "RevitPluginKitTests", "RevitPluginKitTests\RevitPluginKitTests.csproj", "{44C61F76-B8DB-4003-B218-D056A5806269}"
EndProject
Project("{2150E333-8FDC-42A3-9474-1A3956D46DE8}") = "docs", "docs", "{2F003808-1D9F-443C-BACC-1D80399BC767}"
	ProjectSection(SolutionItems) = preProject
		docs\templates\discordfx\styles\colors.css = docs\templates\discordfx\styles\colors.css
		docs\templates\discordfx\styles\discord.css = docs\templates\discordfx\styles\discord.css
		docs\styles\main.css = docs\styles\main.css
	EndProjectSection
EndProject
Global
	GlobalSection(SolutionConfigurationPlatforms) = preSolution
		Debug|Any CPU = Debug|Any CPU
		Debug|x64 = Debug|x64
		Debug|x86 = Debug|x86
		Release|Any CPU = Release|Any CPU
		Release|x64 = Release|x64
		Release|x86 = Release|x86
	EndGlobalSection
	GlobalSection(ProjectConfigurationPlatforms) = postSolution
		{19E772A5-8710-4E64-8940-E7EB9478B06A}.Debug|Any CPU.ActiveCfg = Debug|Any CPU
		{19E772A5-8710-4E64-8940-E7EB9478B06A}.Debug|Any CPU.Build.0 = Debug|Any CPU
		{19E772A5-8710-4E64-8940-E7EB9478B06A}.Debug|x64.ActiveCfg = Debug|x64
		{19E772A5-8710-4E64-8940-E7EB9478B06A}.Debug|x64.Build.0 = Debug|x64
		{19E772A5-8710-4E64-8940-E7EB9478B06A}.Debug|x86.ActiveCfg = Debug|x86
		{19E772A5-8710-4E64-8940-E7EB9478B06A}.Debug|x86.Build.0 = Debug|x86
		{19E772A5-8710-4E64-8940-E7EB9478B06A}.Release|Any CPU.ActiveCfg = Release|Any CPU
		{19E772A5-8710-4E64-8940-E7EB9478B06A}.Release|Any CPU.Build.0 = Release|Any CPU
		{19E772A5-8710-4E64-8940-E7EB9478B06A}.Release|x64.ActiveCfg = Release|x64
		{19E772A5-8710-4E64-8940-E7EB9478B06A}.Release|x64.Build.0 = Release|x64
		{19E772A5-8710-4E64-8940-E7EB9478B06A}.Release|x86.ActiveCfg = Release|x86
		{19E772A5-8710-4E64-8940-E7EB9478B06A}.Release|x86.Build.0 = Release|x86
		{44C61F76-B8DB-4003-B218-D056A5806269}.Debug|Any CPU.ActiveCfg = Debug|Any CPU
		{44C61F76-B8DB-4003-B218-D056A5806269}.Debug|Any CPU.Build.0 = Debug|Any CPU
		{44C61F76-B8DB-4003-B218-D056A5806269}.Debug|x64.ActiveCfg = Debug|x64
		{44C61F76-B8DB-4003-B218-D056A5806269}.Debug|x64.Build.0 = Debug|x64
		{44C61F76-B8DB-4003-B218-D056A5806269}.Debug|x86.ActiveCfg = Debug|Any CPU
		{44C61F76-B8DB-4003-B218-D056A5806269}.Debug|x86.Build.0 = Debug|Any CPU
		{44C61F76-B8DB-4003-B218-D056A5806269}.Release|Any CPU.ActiveCfg = Release|Any CPU
		{44C61F76-B8DB-4003-B218-D056A5806269}.Release|Any CPU.Build.0 = Release|Any CPU
		{44C61F76-B8DB-4003-B218-D056A5806269}.Release|x64.ActiveCfg = Release|x64
		{44C61F76-B8DB-4003-B218-D056A5806269}.Release|x64.Build.0 = Release|x64
		{44C61F76-B8DB-4003-B218-D056A5806269}.Release|x86.ActiveCfg = Release|Any CPU
		{44C61F76-B8DB-4003-B218-D056A5806269}.Release|x86.Build.0 = Release|Any CPU
	EndGlobalSection
	GlobalSection(SolutionProperties) = preSolution
		HideSolutionNode = FALSE
	EndGlobalSection
	GlobalSection(ExtensibilityGlobals) = postSolution
		SolutionGuid = {5D649995-360D-4EFA-BB86-2081E6F64567}
	EndGlobalSection
EndGlobal
