
Microsoft Visual Studio Solution File, Format Version 12.00
# Visual Studio Version 16
VisualStudioVersion = 16.0.29613.14
MinimumVisualStudioVersion = 10.0.40219.1
Project("{FAE04EC0-301F-11D3-BF4B-00C04F79EFBC}") = "RevitPluginKit", "RevitPluginKit\RevitPluginKit.csproj", "{19E772A5-8710-4E64-8940-E7EB9478B06A}"
EndProject
Project("{2150E333-8FDC-42A3-9474-1A3956D46DE8}") = "Solution Items", "Solution Items", "{05FECE23-7712-42F0-A52C-166C02D369A8}"
	ProjectSection(SolutionItems) = preProject
		README.md = README.md
	EndProjectSection
EndProject
Global
	GlobalSection(SolutionConfigurationPlatforms) = preSolution
		Debug|Any CPU = Debug|Any CPU
		Release|Any CPU = Release|Any CPU
	EndGlobalSection
	GlobalSection(ProjectConfigurationPlatforms) = postSolution
		{19E772A5-8710-4E64-8940-E7EB9478B06A}.Debug|Any CPU.ActiveCfg = Debug|Any CPU
		{19E772A5-8710-4E64-8940-E7EB9478B06A}.Debug|Any CPU.Build.0 = Debug|Any CPU
		{19E772A5-8710-4E64-8940-E7EB9478B06A}.Release|Any CPU.ActiveCfg = Release|Any CPU
		{19E772A5-8710-4E64-8940-E7EB9478B06A}.Release|Any CPU.Build.0 = Release|Any CPU
	EndGlobalSection
	GlobalSection(SolutionProperties) = preSolution
		HideSolutionNode = FALSE
	EndGlobalSection
	GlobalSection(ExtensibilityGlobals) = postSolution
		SolutionGuid = {5D649995-360D-4EFA-BB86-2081E6F64567}
	EndGlobalSection
EndGlobal
